github.com/SunshineZzzz/purego-sdl3 v0.0.0-20260412134500-bc0de758f414 h1:0PGru5+uiWkDy7Klq9BWE75CKPHLr4LeEdzjJ4gOKko=
github.com/SunshineZzzz/purego-sdl3 v0.0.0-20260412134500-bc0de758f414/go.mod h1:5CYB/SoD6s2+VIsWqwUbJmmj6V8Zk9uWyonfPoGHWYk=
github.com/SunshineZzzz/purego-sdl3 v0.0.0-20260413135210-02485965b09a h1:3mFd72PpB6ZhXcZM2EoidMluP5mj6KvtkC0EVCkW3P0=
github.com/SunshineZzzz/purego-sdl3 v0.0.0-20260413135210-02485965b09a/go.mod h1:5CYB/SoD6s2+VIsWqwUbJmmj6V8Zk9uWyonfPoGHWYk=
github.com/ebitengine/purego v0.9.1 h1:a/k2f2HQU3Pi399RPW1MOaZyhKJL9w/xFpKAg4q1s0A=
github.com/ebitengine/purego v0.9.1/go.mod h1:iIjxzd6CiRiOG0UyXP+V1+jWqUXVjPKLAI0mRfJZTmQ=
github.com/go-gl/mathgl v1.2.0 h1:v2eOj/y1B2afDxF6URV1qCYmo1KW08lAMtTbOn3KXCY=
github.com/go-gl/mathgl v1.2.0/go.mod h1:pf9+b5J3LFP7iZ4XXaVzZrCle0Q/vNpB/vDe5+3ulRE=
golang.org/x/sys v0.43.0 h1:Rlag2XtaFTxp19wS8MXlJwTvoh8ArU6ezoyFsMyCTNI=
golang.org/x/sys v0.43.0/go.mod h1:4GL1E5IUh+htKOUEOaiffhrAeqysfVGipDYzABqnCmw=
